
Microsoft Visual Studio Solution File, Format Version 12.00
# Visual Studio Version 17
VisualStudioVersion = 17.1.32210.238
MinimumVisualStudioVersion = 15.0.26124.0
Project("{9A19103F-16F7-4668-BE54-9A1E7A4F7556}") = "Ellucian.Ethos.Integration", "Ellucian.Ethos.Integration\Ellucian.Ethos.Integration.csproj", "{34B4B30E-C0E0-43E9-88D0-27B31BA01574}"
EndProject
Project("{9A19103F-16F7-4668-BE54-9A1E7A4F7556}") = "Ellucian.Ethos.Integration.Test", "Ellucian.Ethos.Integration.Test\Ellucian.Ethos.Integration.Test.csproj", "{DC26CC20-E923-4AA4-93C2-BCBEFC10EF26}"
EndProject
Project("{2150E333-8FDC-42A3-9474-1A3956D46DE8}") = "Solution Items", "Solution Items", "{BBCD19EE-8C4D-4C87-A462-130964DF8034}"
	ProjectSection(SolutionItems) = preProject
		.gitignore = .gitignore
		README.md = README.md
	EndProjectSection
EndProject
Project("{2150E333-8FDC-42A3-9474-1A3956D46DE8}") = "Tests", "Tests", "{80815184-6446-4B0F-B7A4-B190E5E53F70}"
EndProject
Project("{2150E333-8FDC-42A3-9474-1A3956D46DE8}") = "Src", "Src", "{1402F60B-E306-4A41-B41E-2EF9136DFB36}"
EndProject
Global
	GlobalSection(SolutionConfigurationPlatforms) = preSolution
		Debug|Any CPU = Debug|Any CPU
		Debug|x64 = Debug|x64
		Debug|x86 = Debug|x86
		Release|Any CPU = Release|Any CPU
		Release|x64 = Release|x64
		Release|x86 = Release|x86
	EndGlobalSection
	GlobalSection(ProjectConfigurationPlatforms) = postSolution
		{34B4B30E-C0E0-43E9-88D0-27B31BA01574}.Debug|Any CPU.ActiveCfg = Debug|Any CPU
		{34B4B30E-C0E0-43E9-88D0-27B31BA01574}.Debug|Any CPU.Build.0 = Debug|Any CPU
		{34B4B30E-C0E0-43E9-88D0-27B31BA01574}.Debug|x64.ActiveCfg = Debug|Any CPU
		{34B4B30E-C0E0-43E9-88D0-27B31BA01574}.Debug|x64.Build.0 = Debug|Any CPU
		{34B4B30E-C0E0-43E9-88D0-27B31BA01574}.Debug|x86.ActiveCfg = Debug|Any CPU
		{34B4B30E-C0E0-43E9-88D0-27B31BA01574}.Debug|x86.Build.0 = Debug|Any CPU
		{34B4B30E-C0E0-43E9-88D0-27B31BA01574}.Release|Any CPU.ActiveCfg = Release|Any CPU
		{34B4B30E-C0E0-43E9-88D0-27B31BA01574}.Release|Any CPU.Build.0 = Release|Any CPU
		{34B4B30E-C0E0-43E9-88D0-27B31BA01574}.Release|x64.ActiveCfg = Release|Any CPU
		{34B4B30E-C0E0-43E9-88D0-27B31BA01574}.Release|x64.Build.0 = Release|Any CPU
		{34B4B30E-C0E0-43E9-88D0-27B31BA01574}.Release|x86.ActiveCfg = Release|Any CPU
		{34B4B30E-C0E0-43E9-88D0-27B31BA01574}.Release|x86.Build.0 = Release|Any CPU
		{DC26CC20-E923-4AA4-93C2-BCBEFC10EF26}.Debug|Any CPU.ActiveCfg = Debug|Any CPU
		{DC26CC20-E923-4AA4-93C2-BCBEFC10EF26}.Debug|Any CPU.Build.0 = Debug|Any CPU
		{DC26CC20-E923-4AA4-93C2-BCBEFC10EF26}.Debug|x64.ActiveCfg = Debug|Any CPU
		{DC26CC20-E923-4AA4-93C2-BCBEFC10EF26}.Debug|x64.Build.0 = Debug|Any CPU
		{DC26CC20-E923-4AA4-93C2-BCBEFC10EF26}.Debug|x86.ActiveCfg = Debug|Any CPU
		{DC26CC20-E923-4AA4-93C2-BCBEFC10EF26}.Debug|x86.Build.0 = Debug|Any CPU
		{DC26CC20-E923-4AA4-93C2-BCBEFC10EF26}.Release|Any CPU.ActiveCfg = Release|Any CPU
		{DC26CC20-E923-4AA4-93C2-BCBEFC10EF26}.Release|Any CPU.Build.0 = Release|Any CPU
		{DC26CC20-E923-4AA4-93C2-BCBEFC10EF26}.Release|x64.ActiveCfg = Release|Any CPU
		{DC26CC20-E923-4AA4-93C2-BCBEFC10EF26}.Release|x64.Build.0 = Release|Any CPU
		{DC26CC20-E923-4AA4-93C2-BCBEFC10EF26}.Release|x86.ActiveCfg = Release|Any CPU
		{DC26CC20-E923-4AA4-93C2-BCBEFC10EF26}.Release|x86.Build.0 = Release|Any CPU
	EndGlobalSection
	GlobalSection(SolutionProperties) = preSolution
		HideSolutionNode = FALSE
	EndGlobalSection
	GlobalSection(NestedProjects) = preSolution
		{34B4B30E-C0E0-43E9-88D0-27B31BA01574} = {1402F60B-E306-4A41-B41E-2EF9136DFB36}
		{DC26CC20-E923-4AA4-93C2-BCBEFC10EF26} = {80815184-6446-4B0F-B7A4-B190E5E53F70}
	EndGlobalSection
	GlobalSection(ExtensibilityGlobals) = postSolution
		SolutionGuid = {BB6A0A9A-4183-491A-97B0-86939AB919E1}
	EndGlobalSection
EndGlobal
